
Microsoft Visual Studio Solution File, Format Version 12.00
# Visual Studio Version 17
VisualStudioVersion = 17.0.32126.317
MinimumVisualStudioVersion = 10.0.40219.1
Project("{FAE04EC0-301F-11D3-BF4B-00C04F79EFBC}") = "laba 3", "laba 3\laba 3.csproj", "{3AC2C429-B02E-49F9-BD20-5D1DAD7FFFC4}"
EndProject
Global
	GlobalSection(SolutionConfigurationPlatforms) = preSolution
		Debug|Any CPU = Debug|Any CPU
		Release|Any CPU = Release|Any CPU
	EndGlobalSection
	GlobalSection(ProjectConfigurationPlatforms) = postSolution
		{3AC2C429-B02E-49F9-BD20-5D1DAD7FFFC4}.Debug|Any CPU.ActiveCfg = Debug|Any CPU
		{3AC2C429-B02E-49F9-BD20-5D1DAD7FFFC4}.Debug|Any CPU.Build.0 = Debug|Any CPU
		{3AC2C429-B02E-49F9-BD20-5D1DAD7FFFC4}.Release|Any CPU.ActiveCfg = Release|Any CPU
		{3AC2C429-B02E-49F9-BD20-5D1DAD7FFFC4}.Release|Any CPU.Build.0 = Release|Any CPU
	EndGlobalSection
	GlobalSection(SolutionProperties) = preSolution
		HideSolutionNode = FALSE
	EndGlobalSection
	GlobalSection(ExtensibilityGlobals) = postSolution
		SolutionGuid = {47C8623E-A5D2-438C-9079-809CB12CEE3E}
	EndGlobalSection
EndGlobal
