
Microsoft Visual Studio Solution File, Format Version 12.00
# Visual Studio Version 17
VisualStudioVersion = 17.4.33122.133
MinimumVisualStudioVersion = 10.0.40219.1
Project("{FAE04EC0-301F-11D3-BF4B-00C04F79EFBC}") = "lab4vr2", "lab4vr2\lab4vr2.csproj", "{288279E5-567C-4AE7-89E2-3EEDC5AC55CD}"
EndProject
Global
	GlobalSection(SolutionConfigurationPlatforms) = preSolution
		Debug|Any CPU = Debug|Any CPU
		Release|Any CPU = Release|Any CPU
	EndGlobalSection
	GlobalSection(ProjectConfigurationPlatforms) = postSolution
		{288279E5-567C-4AE7-89E2-3EEDC5AC55CD}.Debug|Any CPU.ActiveCfg = Debug|Any CPU
		{288279E5-567C-4AE7-89E2-3EEDC5AC55CD}.Debug|Any CPU.Build.0 = Debug|Any CPU
		{288279E5-567C-4AE7-89E2-3EEDC5AC55CD}.Release|Any CPU.ActiveCfg = Release|Any CPU
		{288279E5-567C-4AE7-89E2-3EEDC5AC55CD}.Release|Any CPU.Build.0 = Release|Any CPU
	EndGlobalSection
	GlobalSection(SolutionProperties) = preSolution
		HideSolutionNode = FALSE
	EndGlobalSection
	GlobalSection(ExtensibilityGlobals) = postSolution
		SolutionGuid = {2CF20948-C61E-4C93-B15D-42E50CC720FA}
	EndGlobalSection
EndGlobal
